
Microsoft Visual Studio Solution File, Format Version 12.00
# Visual Studio Version 16
VisualStudioVersion = 16.0.32407.337
MinimumVisualStudioVersion = 10.0.40219.1
Project("{9A19103F-16F7-4668-BE54-9A1E7A4F7556}") = "MinecraftServersControl.Tests", "MinecraftServersControl.Tests\MinecraftServersControl.Tests.csproj", "{9A294C87-62F3-4C77-9B91-83BE0E047374}"
EndProject
Project("{9A19103F-16F7-4668-BE54-9A1E7A4F7556}") = "MinecraftServersControl.Core", "MinecraftServersControl.Core\MinecraftServersControl.Core.csproj", "{B84B1332-D0B0-4180-97D1-8BF83E7B6446}"
EndProject
Project("{FAE04EC0-301F-11D3-BF4B-00C04F79EFBC}") = "websocket-sharp", "..\..\websocket-sharp\websocket-sharp\websocket-sharp.csproj", "{B357BAC7-529E-4D81-A0D2-71041B19C8DE}"
EndProject
Project("{9A19103F-16F7-4668-BE54-9A1E7A4F7556}") = "PinkJson2", "..\..\PinkJson\PinkJson2\PinkJson2\PinkJson2.csproj", "{0218D1D7-F9E9-4065-B614-DC1EBFE96CBF}"
EndProject
Project("{9A19103F-16F7-4668-BE54-9A1E7A4F7556}") = "MinecraftServersControl.DAL", "MinecraftServersControl.DAL\MinecraftServersControl.DAL.csproj", "{B7165755-367C-4983-93CF-6FF2EFDFDEE8}"
EndProject
Project("{2150E333-8FDC-42A3-9474-1A3956D46DE8}") = "Lib", "Lib", "{950231D4-2DAB-43CE-BC13-300506B8C0EA}"
EndProject
Project("{9A19103F-16F7-4668-BE54-9A1E7A4F7556}") = "MinecraftServersControl.Logging", "MinecraftServersControl.Logging\MinecraftServersControl.Logging.csproj", "{F99935BC-848E-4958-BD89-203C46775638}"
EndProject
Project("{9A19103F-16F7-4668-BE54-9A1E7A4F7556}") = "MinecraftServersControl.ConsoleHost", "MinecraftServersControl.ConsoleHost\MinecraftServersControl.ConsoleHost.csproj", "{8B63609A-12F8-4DD0-AD58-74084619FE93}"
EndProject
Project("{9A19103F-16F7-4668-BE54-9A1E7A4F7556}") = "MinecraftServersControl.API.IntegrationTests", "MinecraftServersControl.API.IntegrationTests\MinecraftServersControl.API.IntegrationTests.csproj", "{7BD0FF57-801E-44A7-834E-479A551F4441}"
EndProject
Project("{9A19103F-16F7-4668-BE54-9A1E7A4F7556}") = "MinecraftServersControl.API", "MinecraftServersControl.API.WebSocket\MinecraftServersControl.API.csproj", "{28D02EDE-8897-487E-98B3-89B198F2CD25}"
EndProject
Project("{9A19103F-16F7-4668-BE54-9A1E7A4F7556}") = "MinecraftServersControl.Core.IO", "MinecraftServersControl.Core.IO\MinecraftServersControl.Core.IO.csproj", "{B4FE09AA-90D5-4423-8816-75BEE3C27F6D}"
EndProject
Project("{9A19103F-16F7-4668-BE54-9A1E7A4F7556}") = "MinecraftServersControl.Core.DTO", "MinecraftServersControl.Core.DTO\MinecraftServersControl.Core.DTO.csproj", "{E7A0B8F6-741C-4768-B2D0-DBA04D0FD016}"
EndProject
Project("{FAE04EC0-301F-11D3-BF4B-00C04F79EFBC}") = "WebLib", "..\..\WebLib\WebLib.csproj", "{C104D4FA-0949-4D74-95FE-BB98E14B1655}"
EndProject
Project("{9A19103F-16F7-4668-BE54-9A1E7A4F7556}") = "MinecraftServersControl.API.Schema", "MinecraftServersControl.API.Schema\MinecraftServersControl.API.Schema.csproj", "{E22F9040-DC86-4B37-985F-0C6CFCF1F5B5}"
EndProject
Project("{9A19103F-16F7-4668-BE54-9A1E7A4F7556}") = "MinecraftServersControl.Remote", "MinecraftServersControl.Remote\MinecraftServersControl.Remote.csproj", "{1D9C9E1A-413B-4FA9-B615-198A4215D846}"
EndProject
Project("{FAE04EC0-301F-11D3-BF4B-00C04F79EFBC}") = "MinecraftServersControl.Common", "MinecraftServersControl.Common\MinecraftServersControl.Common.csproj", "{CD12E855-78A2-4A1D-894C-56E77E436B74}"
EndProject
Global
	GlobalSection(SolutionConfigurationPlatforms) = preSolution
		Debug_Ubuntu|Any CPU = Debug_Ubuntu|Any CPU
		Debug|Any CPU = Debug|Any CPU
		Release_Ubuntu|Any CPU = Release_Ubuntu|Any CPU
		Release|Any CPU = Release|Any CPU
	EndGlobalSection
	GlobalSection(ProjectConfigurationPlatforms) = postSolution
		{9A294C87-62F3-4C77-9B91-83BE0E047374}.Debug_Ubuntu|Any CPU.ActiveCfg = Debug|Any CPU
		{9A294C87-62F3-4C77-9B91-83BE0E047374}.Debug_Ubuntu|Any CPU.Build.0 = Debug|Any CPU
		{9A294C87-62F3-4C77-9B91-83BE0E047374}.Debug|Any CPU.ActiveCfg = Debug|Any CPU
		{9A294C87-62F3-4C77-9B91-83BE0E047374}.Debug|Any CPU.Build.0 = Debug|Any CPU
		{9A294C87-62F3-4C77-9B91-83BE0E047374}.Release_Ubuntu|Any CPU.ActiveCfg = Release|Any CPU
		{9A294C87-62F3-4C77-9B91-83BE0E047374}.Release_Ubuntu|Any CPU.Build.0 = Release|Any CPU
		{9A294C87-62F3-4C77-9B91-83BE0E047374}.Release|Any CPU.ActiveCfg = Release|Any CPU
		{9A294C87-62F3-4C77-9B91-83BE0E047374}.Release|Any CPU.Build.0 = Release|Any CPU
		{B84B1332-D0B0-4180-97D1-8BF83E7B6446}.Debug_Ubuntu|Any CPU.ActiveCfg = Debug|Any CPU
		{B84B1332-D0B0-4180-97D1-8BF83E7B6446}.Debug_Ubuntu|Any CPU.Build.0 = Debug|Any CPU
		{B84B1332-D0B0-4180-97D1-8BF83E7B6446}.Debug|Any CPU.ActiveCfg = Debug|Any CPU
		{B84B1332-D0B0-4180-97D1-8BF83E7B6446}.Debug|Any CPU.Build.0 = Debug|Any CPU
		{B84B1332-D0B0-4180-97D1-8BF83E7B6446}.Release_Ubuntu|Any CPU.ActiveCfg = Release|Any CPU
		{B84B1332-D0B0-4180-97D1-8BF83E7B6446}.Release_Ubuntu|Any CPU.Build.0 = Release|Any CPU
		{B84B1332-D0B0-4180-97D1-8BF83E7B6446}.Release|Any CPU.ActiveCfg = Release|Any CPU
		{B84B1332-D0B0-4180-97D1-8BF83E7B6446}.Release|Any CPU.Build.0 = Release|Any CPU
		{B357BAC7-529E-4D81-A0D2-71041B19C8DE}.Debug_Ubuntu|Any CPU.ActiveCfg = Debug_Ubuntu|Any CPU
		{B357BAC7-529E-4D81-A0D2-71041B19C8DE}.Debug_Ubuntu|Any CPU.Build.0 = Debug_Ubuntu|Any CPU
		{B357BAC7-529E-4D81-A0D2-71041B19C8DE}.Debug|Any CPU.ActiveCfg = Debug|Any CPU
		{B357BAC7-529E-4D81-A0D2-71041B19C8DE}.Debug|Any CPU.Build.0 = Debug|Any CPU
		{B357BAC7-529E-4D81-A0D2-71041B19C8DE}.Release_Ubuntu|Any CPU.ActiveCfg = Release_Ubuntu|Any CPU
		{B357BAC7-529E-4D81-A0D2-71041B19C8DE}.Release_Ubuntu|Any CPU.Build.0 = Release_Ubuntu|Any CPU
		{B357BAC7-529E-4D81-A0D2-71041B19C8DE}.Release|Any CPU.ActiveCfg = Release|Any CPU
		{B357BAC7-529E-4D81-A0D2-71041B19C8DE}.Release|Any CPU.Build.0 = Release|Any CPU
		{0218D1D7-F9E9-4065-B614-DC1EBFE96CBF}.Debug_Ubuntu|Any CPU.ActiveCfg = Debug|Any CPU
		{0218D1D7-F9E9-4065-B614-DC1EBFE96CBF}.Debug_Ubuntu|Any CPU.Build.0 = Debug|Any CPU
		{0218D1D7-F9E9-4065-B614-DC1EBFE96CBF}.Debug|Any CPU.ActiveCfg = Debug|Any CPU
		{0218D1D7-F9E9-4065-B614-DC1EBFE96CBF}.Debug|Any CPU.Build.0 = Debug|Any CPU
		{0218D1D7-F9E9-4065-B614-DC1EBFE96CBF}.Release_Ubuntu|Any CPU.ActiveCfg = Release|Any CPU
		{0218D1D7-F9E9-4065-B614-DC1EBFE96CBF}.Release_Ubuntu|Any CPU.Build.0 = Release|Any CPU
		{0218D1D7-F9E9-4065-B614-DC1EBFE96CBF}.Release|Any CPU.ActiveCfg = Release|Any CPU
		{0218D1D7-F9E9-4065-B614-DC1EBFE96CBF}.Release|Any CPU.Build.0 = Release|Any CPU
		{B7165755-367C-4983-93CF-6FF2EFDFDEE8}.Debug_Ubuntu|Any CPU.ActiveCfg = Debug|Any CPU
		{B7165755-367C-4983-93CF-6FF2EFDFDEE8}.Debug_Ubuntu|Any CPU.Build.0 = Debug|Any CPU
		{B7165755-367C-4983-93CF-6FF2EFDFDEE8}.Debug|Any CPU.ActiveCfg = Debug|Any CPU
		{B7165755-367C-4983-93CF-6FF2EFDFDEE8}.Debug|Any CPU.Build.0 = Debug|Any CPU
		{B7165755-367C-4983-93CF-6FF2EFDFDEE8}.Release_Ubuntu|Any CPU.ActiveCfg = Release|Any CPU
		{B7165755-367C-4983-93CF-6FF2EFDFDEE8}.Release_Ubuntu|Any CPU.Build.0 = Release|Any CPU
		{B7165755-367C-4983-93CF-6FF2EFDFDEE8}.Release|Any CPU.ActiveCfg = Release|Any CPU
		{B7165755-367C-4983-93CF-6FF2EFDFDEE8}.Release|Any CPU.Build.0 = Release|Any CPU
		{F99935BC-848E-4958-BD89-203C46775638}.Debug_Ubuntu|Any CPU.ActiveCfg = Debug|Any CPU
		{F99935BC-848E-4958-BD89-203C46775638}.Debug_Ubuntu|Any CPU.Build.0 = Debug|Any CPU
		{F99935BC-848E-4958-BD89-203C46775638}.Debug|Any CPU.ActiveCfg = Debug|Any CPU
		{F99935BC-848E-4958-BD89-203C46775638}.Debug|Any CPU.Build.0 = Debug|Any CPU
		{F99935BC-848E-4958-BD89-203C46775638}.Release_Ubuntu|Any CPU.ActiveCfg = Release|Any CPU
		{F99935BC-848E-4958-BD89-203C46775638}.Release_Ubuntu|Any CPU.Build.0 = Release|Any CPU
		{F99935BC-848E-4958-BD89-203C46775638}.Release|Any CPU.ActiveCfg = Release|Any CPU
		{F99935BC-848E-4958-BD89-203C46775638}.Release|Any CPU.Build.0 = Release|Any CPU
		{8B63609A-12F8-4DD0-AD58-74084619FE93}.Debug_Ubuntu|Any CPU.ActiveCfg = Debug|Any CPU
		{8B63609A-12F8-4DD0-AD58-74084619FE93}.Debug_Ubuntu|Any CPU.Build.0 = Debug|Any CPU
		{8B63609A-12F8-4DD0-AD58-74084619FE93}.Debug|Any CPU.ActiveCfg = Debug|Any CPU
		{8B63609A-12F8-4DD0-AD58-74084619FE93}.Debug|Any CPU.Build.0 = Debug|Any CPU
		{8B63609A-12F8-4DD0-AD58-74084619FE93}.Release_Ubuntu|Any CPU.ActiveCfg = Release|Any CPU
		{8B63609A-12F8-4DD0-AD58-74084619FE93}.Release_Ubuntu|Any CPU.Build.0 = Release|Any CPU
		{8B63609A-12F8-4DD0-AD58-74084619FE93}.Release|Any CPU.ActiveCfg = Release|Any CPU
		{8B63609A-12F8-4DD0-AD58-74084619FE93}.Release|Any CPU.Build.0 = Release|Any CPU
		{7BD0FF57-801E-44A7-834E-479A551F4441}.Debug_Ubuntu|Any CPU.ActiveCfg = Debug|Any CPU
		{7BD0FF57-801E-44A7-834E-479A551F4441}.Debug_Ubuntu|Any CPU.Build.0 = Debug|Any CPU
		{7BD0FF57-801E-44A7-834E-479A551F4441}.Debug|Any CPU.ActiveCfg = Debug|Any CPU
		{7BD0FF57-801E-44A7-834E-479A551F4441}.Debug|Any CPU.Build.0 = Debug|Any CPU
		{7BD0FF57-801E-44A7-834E-479A551F4441}.Release_Ubuntu|Any CPU.ActiveCfg = Release|Any CPU
		{7BD0FF57-801E-44A7-834E-479A551F4441}.Release_Ubuntu|Any CPU.Build.0 = Release|Any CPU
		{7BD0FF57-801E-44A7-834E-479A551F4441}.Release|Any CPU.ActiveCfg = Release|Any CPU
		{7BD0FF57-801E-44A7-834E-479A551F4441}.Release|Any CPU.Build.0 = Release|Any CPU
		{28D02EDE-8897-487E-98B3-89B198F2CD25}.Debug_Ubuntu|Any CPU.ActiveCfg = Debug|Any CPU
		{28D02EDE-8897-487E-98B3-89B198F2CD25}.Debug_Ubuntu|Any CPU.Build.0 = Debug|Any CPU
		{28D02EDE-8897-487E-98B3-89B198F2CD25}.Debug|Any CPU.ActiveCfg = Debug|Any CPU
		{28D02EDE-8897-487E-98B3-89B198F2CD25}.Debug|Any CPU.Build.0 = Debug|Any CPU
		{28D02EDE-8897-487E-98B3-89B198F2CD25}.Release_Ubuntu|Any CPU.ActiveCfg = Release|Any CPU
		{28D02EDE-8897-487E-98B3-89B198F2CD25}.Release_Ubuntu|Any CPU.Build.0 = Release|Any CPU
		{28D02EDE-8897-487E-98B3-89B198F2CD25}.Release|Any CPU.ActiveCfg = Release|Any CPU
		{28D02EDE-8897-487E-98B3-89B198F2CD25}.Release|Any CPU.Build.0 = Release|Any CPU
		{B4FE09AA-90D5-4423-8816-75BEE3C27F6D}.Debug_Ubuntu|Any CPU.ActiveCfg = Debug|Any CPU
		{B4FE09AA-90D5-4423-8816-75BEE3C27F6D}.Debug_Ubuntu|Any CPU.Build.0 = Debug|Any CPU
		{B4FE09AA-90D5-4423-8816-75BEE3C27F6D}.Debug|Any CPU.ActiveCfg = Debug|Any CPU
		{B4FE09AA-90D5-4423-8816-75BEE3C27F6D}.Debug|Any CPU.Build.0 = Debug|Any CPU
		{B4FE09AA-90D5-4423-8816-75BEE3C27F6D}.Release_Ubuntu|Any CPU.ActiveCfg = Release|Any CPU
		{B4FE09AA-90D5-4423-8816-75BEE3C27F6D}.Release_Ubuntu|Any CPU.Build.0 = Release|Any CPU
		{B4FE09AA-90D5-4423-8816-75BEE3C27F6D}.Release|Any CPU.ActiveCfg = Release|Any CPU
		{B4FE09AA-90D5-4423-8816-75BEE3C27F6D}.Release|Any CPU.Build.0 = Release|Any CPU
		{E7A0B8F6-741C-4768-B2D0-DBA04D0FD016}.Debug_Ubuntu|Any CPU.ActiveCfg = Debug|Any CPU
		{E7A0B8F6-741C-4768-B2D0-DBA04D0FD016}.Debug_Ubuntu|Any CPU.Build.0 = Debug|Any CPU
		{E7A0B8F6-741C-4768-B2D0-DBA04D0FD016}.Debug|Any CPU.ActiveCfg = Debug|Any CPU
		{E7A0B8F6-741C-4768-B2D0-DBA04D0FD016}.Debug|Any CPU.Build.0 = Debug|Any CPU
		{E7A0B8F6-741C-4768-B2D0-DBA04D0FD016}.Release_Ubuntu|Any CPU.ActiveCfg = Release|Any CPU
		{E7A0B8F6-741C-4768-B2D0-DBA04D0FD016}.Release_Ubuntu|Any CPU.Build.0 = Release|Any CPU
		{E7A0B8F6-741C-4768-B2D0-DBA04D0FD016}.Release|Any CPU.ActiveCfg = Release|Any CPU
		{E7A0B8F6-741C-4768-B2D0-DBA04D0FD016}.Release|Any CPU.Build.0 = Release|Any CPU
		{C104D4FA-0949-4D74-95FE-BB98E14B1655}.Debug_Ubuntu|Any CPU.ActiveCfg = Debug|Any CPU
		{C104D4FA-0949-4D74-95FE-BB98E14B1655}.Debug_Ubuntu|Any CPU.Build.0 = Debug|Any CPU
		{C104D4FA-0949-4D74-95FE-BB98E14B1655}.Debug|Any CPU.ActiveCfg = Debug|Any CPU
		{C104D4FA-0949-4D74-95FE-BB98E14B1655}.Debug|Any CPU.Build.0 = Debug|Any CPU
		{C104D4FA-0949-4D74-95FE-BB98E14B1655}.Release_Ubuntu|Any CPU.ActiveCfg = Release|Any CPU
		{C104D4FA-0949-4D74-95FE-BB98E14B1655}.Release_Ubuntu|Any CPU.Build.0 = Release|Any CPU
		{C104D4FA-0949-4D74-95FE-BB98E14B1655}.Release|Any CPU.ActiveCfg = Release|Any CPU
		{C104D4FA-0949-4D74-95FE-BB98E14B1655}.Release|Any CPU.Build.0 = Release|Any CPU
		{E22F9040-DC86-4B37-985F-0C6CFCF1F5B5}.Debug_Ubuntu|Any CPU.ActiveCfg = Debug|Any CPU
		{E22F9040-DC86-4B37-985F-0C6CFCF1F5B5}.Debug_Ubuntu|Any CPU.Build.0 = Debug|Any CPU
		{E22F9040-DC86-4B37-985F-0C6CFCF1F5B5}.Debug|Any CPU.ActiveCfg = Debug|Any CPU
		{E22F9040-DC86-4B37-985F-0C6CFCF1F5B5}.Debug|Any CPU.Build.0 = Debug|Any CPU
		{E22F9040-DC86-4B37-985F-0C6CFCF1F5B5}.Release_Ubuntu|Any CPU.ActiveCfg = Release|Any CPU
		{E22F9040-DC86-4B37-985F-0C6CFCF1F5B5}.Release_Ubuntu|Any CPU.Build.0 = Release|Any CPU
		{E22F9040-DC86-4B37-985F-0C6CFCF1F5B5}.Release|Any CPU.ActiveCfg = Release|Any CPU
		{E22F9040-DC86-4B37-985F-0C6CFCF1F5B5}.Release|Any CPU.Build.0 = Release|Any CPU
		{1D9C9E1A-413B-4FA9-B615-198A4215D846}.Debug_Ubuntu|Any CPU.ActiveCfg = Debug|Any CPU
		{1D9C9E1A-413B-4FA9-B615-198A4215D846}.Debug_Ubuntu|Any CPU.Build.0 = Debug|Any CPU
		{1D9C9E1A-413B-4FA9-B615-198A4215D846}.Debug|Any CPU.ActiveCfg = Debug|Any CPU
		{1D9C9E1A-413B-4FA9-B615-198A4215D846}.Debug|Any CPU.Build.0 = Debug|Any CPU
		{1D9C9E1A-413B-4FA9-B615-198A4215D846}.Release_Ubuntu|Any CPU.ActiveCfg = Release|Any CPU
		{1D9C9E1A-413B-4FA9-B615-198A4215D846}.Release_Ubuntu|Any CPU.Build.0 = Release|Any CPU
		{1D9C9E1A-413B-4FA9-B615-198A4215D846}.Release|Any CPU.ActiveCfg = Release|Any CPU
		{1D9C9E1A-413B-4FA9-B615-198A4215D846}.Release|Any CPU.Build.0 = Release|Any CPU
		{CD12E855-78A2-4A1D-894C-56E77E436B74}.Debug_Ubuntu|Any CPU.ActiveCfg = Debug|Any CPU
		{CD12E855-78A2-4A1D-894C-56E77E436B74}.Debug_Ubuntu|Any CPU.Build.0 = Debug|Any CPU
		{CD12E855-78A2-4A1D-894C-56E77E436B74}.Debug|Any CPU.ActiveCfg = Debug|Any CPU
		{CD12E855-78A2-4A1D-894C-56E77E436B74}.Debug|Any CPU.Build.0 = Debug|Any CPU
		{CD12E855-78A2-4A1D-894C-56E77E436B74}.Release_Ubuntu|Any CPU.ActiveCfg = Release|Any CPU
		{CD12E855-78A2-4A1D-894C-56E77E436B74}.Release_Ubuntu|Any CPU.Build.0 = Release|Any CPU
		{CD12E855-78A2-4A1D-894C-56E77E436B74}.Release|Any CPU.ActiveCfg = Release|Any CPU
		{CD12E855-78A2-4A1D-894C-56E77E436B74}.Release|Any CPU.Build.0 = Release|Any CPU
	EndGlobalSection
	GlobalSection(SolutionProperties) = preSolution
		HideSolutionNode = FALSE
	EndGlobalSection
	GlobalSection(NestedProjects) = preSolution
		{B357BAC7-529E-4D81-A0D2-71041B19C8DE} = {950231D4-2DAB-43CE-BC13-300506B8C0EA}
		{0218D1D7-F9E9-4065-B614-DC1EBFE96CBF} = {950231D4-2DAB-43CE-BC13-300506B8C0EA}
		{C104D4FA-0949-4D74-95FE-BB98E14B1655} = {950231D4-2DAB-43CE-BC13-300506B8C0EA}
	EndGlobalSection
	GlobalSection(ExtensibilityGlobals) = postSolution
		SolutionGuid = {F59F4C2A-77AF-4EA2-8942-051E0241B101}
	EndGlobalSection
EndGlobal
